
Microsoft Visual Studio Solution File, Format Version 12.00
Project("{FAE04EC0-301F-11D3-BF4B-00C04F79EFBC}") = "AegisDerm.API", "src/AegisDerm.API.csproj", "{79E3E812-D55A-42BB-A596-7EB800F53CBA}"
EndProject
Global
	GlobalSection(SolutionConfigurationPlatforms) = preSolution
		Debug|Any CPU = Debug|Any CPU
		Release|Any CPU = Release|Any CPU
	EndGlobalSection
	GlobalSection(ProjectConfigurationPlatforms) = postSolution
		{79E3E812-D55A-42BB-A596-7EB800F53CBA}.Debug|Any CPU.ActiveCfg = Debug|Any CPU
		{79E3E812-D55A-42BB-A596-7EB800F53CBA}.Debug|Any CPU.Build.0 = Debug|Any CPU
		{79E3E812-D55A-42BB-A596-7EB800F53CBA}.Release|Any CPU.ActiveCfg = Release|Any CPU
		{79E3E812-D55A-42BB-A596-7EB800F53CBA}.Release|Any CPU.Build.0 = Release|Any CPU
	EndGlobalSection
EndGlobal
